
Microsoft Visual Studio Solution File, Format Version 12.00
# Visual Studio 15
VisualStudioVersion = 15.0.26430.6
MinimumVisualStudioVersion = 10.0.40219.1
Project("{FAE04EC0-301F-11D3-BF4B-00C04F79EFBC}") = "Epam.Task3.Round21", "Epam.Task3.Round\Epam.Task3.Round21.csproj", "{D687E776-7AA6-486A-9C95-8B8EF3E91510}"
EndProject
Project("{FAE04EC0-301F-11D3-BF4B-00C04F79EFBC}") = "Epam.Task3.Triangle", "Epam.Task3.Triangle\Epam.Task3.Triangle.csproj", "{6335D024-7296-4797-B2B6-5F5CFB38A582}"
EndProject
Project("{FAE04EC0-301F-11D3-BF4B-00C04F79EFBC}") = "Epam.Task3.MyString", "Epam.Task3.MyString\Epam.Task3.MyString.csproj", "{BEEBD3A8-00DB-4E6A-883D-D72601CADF4C}"
EndProject
Project("{FAE04EC0-301F-11D3-BF4B-00C04F79EFBC}") = "Epam.Task3.Employee", "Epam.Task3.Employee\Epam.Task3.Employee.csproj", "{8CEA4A04-453C-4962-85EC-DC54A2C36636}"
EndProject
Project("{FAE04EC0-301F-11D3-BF4B-00C04F79EFBC}") = "Epam.Task3.Ring", "Epam.Task3.Ring\Epam.Task3.Ring.csproj", "{4C9BA366-A60B-4102-AE3A-6D7E54BA01E0}"
EndProject
Project("{FAE04EC0-301F-11D3-BF4B-00C04F79EFBC}") = "Epam.Task3.VectorGraphicsEditor", "Epam.Task3.VectorGraphicsEditor\Epam.Task3.VectorGraphicsEditor.csproj", "{45C6457F-B3C5-4247-ACB6-8AEB71BD802D}"
EndProject
Project("{FAE04EC0-301F-11D3-BF4B-00C04F79EFBC}") = "Epam.Task3.Game", "Epam.Task3.Game\Epam.Task3.Game.csproj", "{36B9AA70-C5DC-4F88-A808-65F4C5A01EA4}"
EndProject
Project("{FAE04EC0-301F-11D3-BF4B-00C04F79EFBC}") = "Epam.Task3.User23", "Epam.Task3.User23\Epam.Task3.User23.csproj", "{31D9BE4A-8131-4ACD-8E1E-5EC9ACD28CD0}"
EndProject
Global
	GlobalSection(SolutionConfigurationPlatforms) = preSolution
		Debug|Any CPU = Debug|Any CPU
		Release|Any CPU = Release|Any CPU
	EndGlobalSection
	GlobalSection(ProjectConfigurationPlatforms) = postSolution
		{D687E776-7AA6-486A-9C95-8B8EF3E91510}.Debug|Any CPU.ActiveCfg = Debug|Any CPU
		{D687E776-7AA6-486A-9C95-8B8EF3E91510}.Debug|Any CPU.Build.0 = Debug|Any CPU
		{D687E776-7AA6-486A-9C95-8B8EF3E91510}.Release|Any CPU.ActiveCfg = Release|Any CPU
		{D687E776-7AA6-486A-9C95-8B8EF3E91510}.Release|Any CPU.Build.0 = Release|Any CPU
		{6335D024-7296-4797-B2B6-5F5CFB38A582}.Debug|Any CPU.ActiveCfg = Debug|Any CPU
		{6335D024-7296-4797-B2B6-5F5CFB38A582}.Debug|Any CPU.Build.0 = Debug|Any CPU
		{6335D024-7296-4797-B2B6-5F5CFB38A582}.Release|Any CPU.ActiveCfg = Release|Any CPU
		{6335D024-7296-4797-B2B6-5F5CFB38A582}.Release|Any CPU.Build.0 = Release|Any CPU
		{BEEBD3A8-00DB-4E6A-883D-D72601CADF4C}.Debug|Any CPU.ActiveCfg = Debug|Any CPU
		{BEEBD3A8-00DB-4E6A-883D-D72601CADF4C}.Debug|Any CPU.Build.0 = Debug|Any CPU
		{BEEBD3A8-00DB-4E6A-883D-D72601CADF4C}.Release|Any CPU.ActiveCfg = Release|Any CPU
		{BEEBD3A8-00DB-4E6A-883D-D72601CADF4C}.Release|Any CPU.Build.0 = Release|Any CPU
		{8CEA4A04-453C-4962-85EC-DC54A2C36636}.Debug|Any CPU.ActiveCfg = Debug|Any CPU
		{8CEA4A04-453C-4962-85EC-DC54A2C36636}.Debug|Any CPU.Build.0 = Debug|Any CPU
		{8CEA4A04-453C-4962-85EC-DC54A2C36636}.Release|Any CPU.ActiveCfg = Release|Any CPU
		{8CEA4A04-453C-4962-85EC-DC54A2C36636}.Release|Any CPU.Build.0 = Release|Any CPU
		{4C9BA366-A60B-4102-AE3A-6D7E54BA01E0}.Debug|Any CPU.ActiveCfg = Debug|Any CPU
		{4C9BA366-A60B-4102-AE3A-6D7E54BA01E0}.Debug|Any CPU.Build.0 = Debug|Any CPU
		{4C9BA366-A60B-4102-AE3A-6D7E54BA01E0}.Release|Any CPU.ActiveCfg = Release|Any CPU
		{4C9BA366-A60B-4102-AE3A-6D7E54BA01E0}.Release|Any CPU.Build.0 = Release|Any CPU
		{45C6457F-B3C5-4247-ACB6-8AEB71BD802D}.Debug|Any CPU.ActiveCfg = Debug|Any CPU
		{45C6457F-B3C5-4247-ACB6-8AEB71BD802D}.Debug|Any CPU.Build.0 = Debug|Any CPU
		{45C6457F-B3C5-4247-ACB6-8AEB71BD802D}.Release|Any CPU.ActiveCfg = Release|Any CPU
		{45C6457F-B3C5-4247-ACB6-8AEB71BD802D}.Release|Any CPU.Build.0 = Release|Any CPU
		{36B9AA70-C5DC-4F88-A808-65F4C5A01EA4}.Debug|Any CPU.ActiveCfg = Debug|Any CPU
		{36B9AA70-C5DC-4F88-A808-65F4C5A01EA4}.Debug|Any CPU.Build.0 = Debug|Any CPU
		{36B9AA70-C5DC-4F88-A808-65F4C5A01EA4}.Release|Any CPU.ActiveCfg = Release|Any CPU
		{36B9AA70-C5DC-4F88-A808-65F4C5A01EA4}.Release|Any CPU.Build.0 = Release|Any CPU
		{31D9BE4A-8131-4ACD-8E1E-5EC9ACD28CD0}.Debug|Any CPU.ActiveCfg = Debug|Any CPU
		{31D9BE4A-8131-4ACD-8E1E-5EC9ACD28CD0}.Debug|Any CPU.Build.0 = Debug|Any CPU
		{31D9BE4A-8131-4ACD-8E1E-5EC9ACD28CD0}.Release|Any CPU.ActiveCfg = Release|Any CPU
		{31D9BE4A-8131-4ACD-8E1E-5EC9ACD28CD0}.Release|Any CPU.Build.0 = Release|Any CPU
	EndGlobalSection
	GlobalSection(SolutionProperties) = preSolution
		HideSolutionNode = FALSE
	EndGlobalSection
EndGlobal
