
Microsoft Visual Studio Solution File, Format Version 12.00
# Visual Studio 15
VisualStudioVersion = 15.0.26430.6
MinimumVisualStudioVersion = 10.0.40219.1
Project("{FAE04EC0-301F-11D3-BF4B-00C04F79EFBC}") = "Epam.Task1.Sequence", "Epam.Task1.Sequence\Epam.Task1.Sequence.csproj", "{9E4D32AA-D28E-4FEC-B5BF-F2A92F11F3C4}"
EndProject
Project("{FAE04EC0-301F-11D3-BF4B-00C04F79EFBC}") = "Epam.Task1.Simple", "Epam.Task1.Simple\Epam.Task1.Simple.csproj", "{43966908-6E1B-480B-B454-CA0AC8F6AD5E}"
EndProject
Project("{FAE04EC0-301F-11D3-BF4B-00C04F79EFBC}") = "Epam.Task1.Square", "Epam.Task1.Square\Epam.Task1.Square.csproj", "{3CF7829D-4490-4C91-B679-66F262ACB895}"
EndProject
Global
	GlobalSection(SolutionConfigurationPlatforms) = preSolution
		Debug|Any CPU = Debug|Any CPU
		Release|Any CPU = Release|Any CPU
	EndGlobalSection
	GlobalSection(ProjectConfigurationPlatforms) = postSolution
		{9E4D32AA-D28E-4FEC-B5BF-F2A92F11F3C4}.Debug|Any CPU.ActiveCfg = Debug|Any CPU
		{9E4D32AA-D28E-4FEC-B5BF-F2A92F11F3C4}.Debug|Any CPU.Build.0 = Debug|Any CPU
		{9E4D32AA-D28E-4FEC-B5BF-F2A92F11F3C4}.Release|Any CPU.ActiveCfg = Release|Any CPU
		{9E4D32AA-D28E-4FEC-B5BF-F2A92F11F3C4}.Release|Any CPU.Build.0 = Release|Any CPU
		{43966908-6E1B-480B-B454-CA0AC8F6AD5E}.Debug|Any CPU.ActiveCfg = Debug|Any CPU
		{43966908-6E1B-480B-B454-CA0AC8F6AD5E}.Debug|Any CPU.Build.0 = Debug|Any CPU
		{43966908-6E1B-480B-B454-CA0AC8F6AD5E}.Release|Any CPU.ActiveCfg = Release|Any CPU
		{43966908-6E1B-480B-B454-CA0AC8F6AD5E}.Release|Any CPU.Build.0 = Release|Any CPU
		{3CF7829D-4490-4C91-B679-66F262ACB895}.Debug|Any CPU.ActiveCfg = Debug|Any CPU
		{3CF7829D-4490-4C91-B679-66F262ACB895}.Debug|Any CPU.Build.0 = Debug|Any CPU
		{3CF7829D-4490-4C91-B679-66F262ACB895}.Release|Any CPU.ActiveCfg = Release|Any CPU
		{3CF7829D-4490-4C91-B679-66F262ACB895}.Release|Any CPU.Build.0 = Release|Any CPU
	EndGlobalSection
	GlobalSection(SolutionProperties) = preSolution
		HideSolutionNode = FALSE
	EndGlobalSection
EndGlobal
