
Microsoft Visual Studio Solution File, Format Version 12.00
# Visual Studio 15
VisualStudioVersion = 15.0.26430.6
MinimumVisualStudioVersion = 10.0.40219.1
Project("{FAE04EC0-301F-11D3-BF4B-00C04F79EFBC}") = "Epam.Task8.DateExistance", "Epam.Task8.DateExistance\Epam.Task8.DateExistance.csproj", "{E640F314-D436-43F5-95B8-C7FF1E59B336}"
EndProject
Project("{FAE04EC0-301F-11D3-BF4B-00C04F79EFBC}") = "Epam.Task8.HtmlReplacer", "Epam.Task8.HtmlReplacer\Epam.Task8.HtmlReplacer.csproj", "{E36C60C2-F5FB-4304-9B9A-9F8473943E42}"
EndProject
Project("{FAE04EC0-301F-11D3-BF4B-00C04F79EFBC}") = "Epam.Task8.EmailFinder", "Eoam.Task8.EmailFinder\Epam.Task8.EmailFinder.csproj", "{B387FE48-BFE6-4B67-8480-967FFB3BCE02}"
EndProject
Project("{FAE04EC0-301F-11D3-BF4B-00C04F79EFBC}") = "Epam.Task8.NumberValidator", "Epam.Task8.NumberValidator\Epam.Task8.NumberValidator.csproj", "{73CB6C88-6767-430D-BB00-62303199DD85}"
EndProject
Project("{FAE04EC0-301F-11D3-BF4B-00C04F79EFBC}") = "Epam.Task8.TimeCounter", "Epam.Task8.TimeCounter\Epam.Task8.TimeCounter.csproj", "{26AEEABF-BD7E-41E1-BE49-8A0B41A0EE45}"
EndProject
Global
	GlobalSection(SolutionConfigurationPlatforms) = preSolution
		Debug|Any CPU = Debug|Any CPU
		Release|Any CPU = Release|Any CPU
	EndGlobalSection
	GlobalSection(ProjectConfigurationPlatforms) = postSolution
		{E640F314-D436-43F5-95B8-C7FF1E59B336}.Debug|Any CPU.ActiveCfg = Debug|Any CPU
		{E640F314-D436-43F5-95B8-C7FF1E59B336}.Debug|Any CPU.Build.0 = Debug|Any CPU
		{E640F314-D436-43F5-95B8-C7FF1E59B336}.Release|Any CPU.ActiveCfg = Release|Any CPU
		{E640F314-D436-43F5-95B8-C7FF1E59B336}.Release|Any CPU.Build.0 = Release|Any CPU
		{E36C60C2-F5FB-4304-9B9A-9F8473943E42}.Debug|Any CPU.ActiveCfg = Debug|Any CPU
		{E36C60C2-F5FB-4304-9B9A-9F8473943E42}.Debug|Any CPU.Build.0 = Debug|Any CPU
		{E36C60C2-F5FB-4304-9B9A-9F8473943E42}.Release|Any CPU.ActiveCfg = Release|Any CPU
		{E36C60C2-F5FB-4304-9B9A-9F8473943E42}.Release|Any CPU.Build.0 = Release|Any CPU
		{B387FE48-BFE6-4B67-8480-967FFB3BCE02}.Debug|Any CPU.ActiveCfg = Debug|Any CPU
		{B387FE48-BFE6-4B67-8480-967FFB3BCE02}.Debug|Any CPU.Build.0 = Debug|Any CPU
		{B387FE48-BFE6-4B67-8480-967FFB3BCE02}.Release|Any CPU.ActiveCfg = Release|Any CPU
		{B387FE48-BFE6-4B67-8480-967FFB3BCE02}.Release|Any CPU.Build.0 = Release|Any CPU
		{73CB6C88-6767-430D-BB00-62303199DD85}.Debug|Any CPU.ActiveCfg = Debug|Any CPU
		{73CB6C88-6767-430D-BB00-62303199DD85}.Debug|Any CPU.Build.0 = Debug|Any CPU
		{73CB6C88-6767-430D-BB00-62303199DD85}.Release|Any CPU.ActiveCfg = Release|Any CPU
		{73CB6C88-6767-430D-BB00-62303199DD85}.Release|Any CPU.Build.0 = Release|Any CPU
		{26AEEABF-BD7E-41E1-BE49-8A0B41A0EE45}.Debug|Any CPU.ActiveCfg = Debug|Any CPU
		{26AEEABF-BD7E-41E1-BE49-8A0B41A0EE45}.Debug|Any CPU.Build.0 = Debug|Any CPU
		{26AEEABF-BD7E-41E1-BE49-8A0B41A0EE45}.Release|Any CPU.ActiveCfg = Release|Any CPU
		{26AEEABF-BD7E-41E1-BE49-8A0B41A0EE45}.Release|Any CPU.Build.0 = Release|Any CPU
	EndGlobalSection
	GlobalSection(SolutionProperties) = preSolution
		HideSolutionNode = FALSE
	EndGlobalSection
EndGlobal
