
Microsoft Visual Studio Solution File, Format Version 12.00
# Visual Studio 15
VisualStudioVersion = 15.0.26430.6
MinimumVisualStudioVersion = 10.0.40219.1
Project("{FAE04EC0-301F-11D3-BF4B-00C04F79EFBC}") = "Epam.Task7.BLL", "Epam.Task7.BLL\Epam.Task7.BLL.csproj", "{B128384A-A873-42BE-A4D0-C3F21DC4A1D8}"
EndProject
Project("{FAE04EC0-301F-11D3-BF4B-00C04F79EFBC}") = "Epam.Task7.BLL.Interface", "Epam.Task7.BLL.Interface\Epam.Task7.BLL.Interface.csproj", "{925420E0-C89E-4B68-B401-C220D0FFD51D}"
EndProject
Project("{2150E333-8FDC-42A3-9474-1A3956D46DE8}") = "BLL", "BLL", "{0A1A2821-578F-4B66-9644-61251A8BD726}"
EndProject
Project("{2150E333-8FDC-42A3-9474-1A3956D46DE8}") = "DAL", "DAL", "{994C3388-5B99-4FA4-8C34-78CABC0CA127}"
EndProject
Project("{2150E333-8FDC-42A3-9474-1A3956D46DE8}") = "PL", "PL", "{46A08CE3-F056-4053-BB4B-348530CD89CE}"
EndProject
Project("{2150E333-8FDC-42A3-9474-1A3956D46DE8}") = "Common", "Common", "{66068DF5-F084-4CAA-8792-7B8E37665FA9}"
EndProject
Project("{FAE04EC0-301F-11D3-BF4B-00C04F79EFBC}") = "Epam.Task7.DAL", "Epam.Task7.DAL\Epam.Task7.DAL.csproj", "{F21B29FD-1BEF-4600-9EE1-9CCE1F32EFAA}"
EndProject
Project("{FAE04EC0-301F-11D3-BF4B-00C04F79EFBC}") = "Epam.Task7.DAL.Interface", "Epam.Task7.DAL.Interface\Epam.Task7.DAL.Interface.csproj", "{B3FD42EA-5DAD-49CB-A260-FA9B0934F703}"
EndProject
Project("{FAE04EC0-301F-11D3-BF4B-00C04F79EFBC}") = "Epam.Task7.ConsolePL", "Epam.Task7.ConsolePL\Epam.Task7.ConsolePL.csproj", "{09B2EC1E-03E2-4526-9615-2BFE113BDD1B}"
EndProject
Project("{FAE04EC0-301F-11D3-BF4B-00C04F79EFBC}") = "Epam.Task7.Common", "Epam.Task7.Common\Epam.Task7.Common.csproj", "{A676FB9D-B7AC-4927-9812-90CF13F9B5E7}"
EndProject
Project("{FAE04EC0-301F-11D3-BF4B-00C04F79EFBC}") = "Epam.Task7.Entities", "Epam.Task7.Entities\Epam.Task7.Entities.csproj", "{F97A55B9-6D66-4FEE-9DBA-19596311953B}"
EndProject
Global
	GlobalSection(SolutionConfigurationPlatforms) = preSolution
		Debug|Any CPU = Debug|Any CPU
		Release|Any CPU = Release|Any CPU
	EndGlobalSection
	GlobalSection(ProjectConfigurationPlatforms) = postSolution
		{B128384A-A873-42BE-A4D0-C3F21DC4A1D8}.Debug|Any CPU.ActiveCfg = Debug|Any CPU
		{B128384A-A873-42BE-A4D0-C3F21DC4A1D8}.Debug|Any CPU.Build.0 = Debug|Any CPU
		{B128384A-A873-42BE-A4D0-C3F21DC4A1D8}.Release|Any CPU.ActiveCfg = Release|Any CPU
		{B128384A-A873-42BE-A4D0-C3F21DC4A1D8}.Release|Any CPU.Build.0 = Release|Any CPU
		{925420E0-C89E-4B68-B401-C220D0FFD51D}.Debug|Any CPU.ActiveCfg = Debug|Any CPU
		{925420E0-C89E-4B68-B401-C220D0FFD51D}.Debug|Any CPU.Build.0 = Debug|Any CPU
		{925420E0-C89E-4B68-B401-C220D0FFD51D}.Release|Any CPU.ActiveCfg = Release|Any CPU
		{925420E0-C89E-4B68-B401-C220D0FFD51D}.Release|Any CPU.Build.0 = Release|Any CPU
		{F21B29FD-1BEF-4600-9EE1-9CCE1F32EFAA}.Debug|Any CPU.ActiveCfg = Debug|Any CPU
		{F21B29FD-1BEF-4600-9EE1-9CCE1F32EFAA}.Debug|Any CPU.Build.0 = Debug|Any CPU
		{F21B29FD-1BEF-4600-9EE1-9CCE1F32EFAA}.Release|Any CPU.ActiveCfg = Release|Any CPU
		{F21B29FD-1BEF-4600-9EE1-9CCE1F32EFAA}.Release|Any CPU.Build.0 = Release|Any CPU
		{B3FD42EA-5DAD-49CB-A260-FA9B0934F703}.Debug|Any CPU.ActiveCfg = Debug|Any CPU
		{B3FD42EA-5DAD-49CB-A260-FA9B0934F703}.Debug|Any CPU.Build.0 = Debug|Any CPU
		{B3FD42EA-5DAD-49CB-A260-FA9B0934F703}.Release|Any CPU.ActiveCfg = Release|Any CPU
		{B3FD42EA-5DAD-49CB-A260-FA9B0934F703}.Release|Any CPU.Build.0 = Release|Any CPU
		{09B2EC1E-03E2-4526-9615-2BFE113BDD1B}.Debug|Any CPU.ActiveCfg = Debug|Any CPU
		{09B2EC1E-03E2-4526-9615-2BFE113BDD1B}.Debug|Any CPU.Build.0 = Debug|Any CPU
		{09B2EC1E-03E2-4526-9615-2BFE113BDD1B}.Release|Any CPU.ActiveCfg = Release|Any CPU
		{09B2EC1E-03E2-4526-9615-2BFE113BDD1B}.Release|Any CPU.Build.0 = Release|Any CPU
		{A676FB9D-B7AC-4927-9812-90CF13F9B5E7}.Debug|Any CPU.ActiveCfg = Debug|Any CPU
		{A676FB9D-B7AC-4927-9812-90CF13F9B5E7}.Debug|Any CPU.Build.0 = Debug|Any CPU
		{A676FB9D-B7AC-4927-9812-90CF13F9B5E7}.Release|Any CPU.ActiveCfg = Release|Any CPU
		{A676FB9D-B7AC-4927-9812-90CF13F9B5E7}.Release|Any CPU.Build.0 = Release|Any CPU
		{F97A55B9-6D66-4FEE-9DBA-19596311953B}.Debug|Any CPU.ActiveCfg = Debug|Any CPU
		{F97A55B9-6D66-4FEE-9DBA-19596311953B}.Debug|Any CPU.Build.0 = Debug|Any CPU
		{F97A55B9-6D66-4FEE-9DBA-19596311953B}.Release|Any CPU.ActiveCfg = Release|Any CPU
		{F97A55B9-6D66-4FEE-9DBA-19596311953B}.Release|Any CPU.Build.0 = Release|Any CPU
	EndGlobalSection
	GlobalSection(SolutionProperties) = preSolution
		HideSolutionNode = FALSE
	EndGlobalSection
	GlobalSection(NestedProjects) = preSolution
		{B128384A-A873-42BE-A4D0-C3F21DC4A1D8} = {0A1A2821-578F-4B66-9644-61251A8BD726}
		{925420E0-C89E-4B68-B401-C220D0FFD51D} = {0A1A2821-578F-4B66-9644-61251A8BD726}
		{F21B29FD-1BEF-4600-9EE1-9CCE1F32EFAA} = {994C3388-5B99-4FA4-8C34-78CABC0CA127}
		{B3FD42EA-5DAD-49CB-A260-FA9B0934F703} = {994C3388-5B99-4FA4-8C34-78CABC0CA127}
		{09B2EC1E-03E2-4526-9615-2BFE113BDD1B} = {46A08CE3-F056-4053-BB4B-348530CD89CE}
		{A676FB9D-B7AC-4927-9812-90CF13F9B5E7} = {66068DF5-F084-4CAA-8792-7B8E37665FA9}
		{F97A55B9-6D66-4FEE-9DBA-19596311953B} = {66068DF5-F084-4CAA-8792-7B8E37665FA9}
	EndGlobalSection
EndGlobal
